{
  "name": "policysql-turso-cf-spike",
  "lockfileVersion": 3,
  "requires": true,
  "packages": {
    "": {
      "name": "policysql-turso-cf-spike",
      "dependencies": {
        "@tursodatabase/database": "0.7.2",
        "@tursodatabase/serverless": "1.4.0"
      }
    },
    "node_modules/@tursodatabase/database": {
      "version": "0.7.2",
      "resolved": "https://registry.npmjs.org/@tursodatabase/database/-/database-0.7.2.tgz",
      "integrity": "sha512-B84QicyDYnKt97qxgb7861cQQC26kuv/LkUlCnpxGs4tuGT9zgS2z/Mt+BkG/wOo1fB4rsSycOgGCbi0xU0YOQ==",
      "license": "MIT",
      "dependencies": {
        "@tursodatabase/database-common": "^0.7.2"
      },
      "optionalDependencies": {
        "@tursodatabase/database-darwin-arm64": "0.7.2",
        "@tursodatabase/database-linux-arm64-gnu": "0.7.2",
        "@tursodatabase/database-linux-x64-gnu": "0.7.2",
        "@tursodatabase/database-win32-x64-msvc": "0.7.2"
      }
    },
    "node_modules/@tursodatabase/database-common": {
      "version": "0.7.2",
      "resolved": "https://registry.npmjs.org/@tursodatabase/database-common/-/database-common-0.7.2.tgz",
      "integrity": "sha512-c4uWaA5m7nyDemUrjvX6lQQ89cBxv1jCv7nmwq5JoagyXgbMxDeBfLcY7N5kn0oEcnD0Y+cf09S0wKEXKFKbfg==",
      "license": "MIT"
    },
    "node_modules/@tursodatabase/database-darwin-arm64": {
      "version": "0.7.2",
      "resolved": "https://registry.npmjs.org/@tursodatabase/database-darwin-arm64/-/database-darwin-arm64-0.7.2.tgz",
      "integrity": "sha512-pDYbrPnmsqzWsf21bQXXGKmGhcLdfQQVjx+yrpC/IboCue5o/h9fDZ1QFzQEP6CHRXXoc+pwQCyF8KBntI8fdA==",
      "cpu": [
        "arm64"
      ],
      "license": "MIT",
      "optional": true,
      "os": [
        "darwin"
      ]
    },
    "node_modules/@tursodatabase/database-linux-arm64-gnu": {
      "version": "0.7.2",
      "resolved": "https://registry.npmjs.org/@tursodatabase/database-linux-arm64-gnu/-/database-linux-arm64-gnu-0.7.2.tgz",
      "integrity": "sha512-/Blz7cRssWh7dk8vGs7Cq3kupHOnI0GROAg+u9J4MD5U5ABAabJGN7iW5YQ16jZW35Bv2AkmJAyjvsCWdTyfTg==",
      "cpu": [
        "arm64"
      ],
      "libc": [
        "glibc"
      ],
      "license": "MIT",
      "optional": true,
      "os": [
        "linux"
      ]
    },
    "node_modules/@tursodatabase/database-linux-x64-gnu": {
      "version": "0.7.2",
      "resolved": "https://registry.npmjs.org/@tursodatabase/database-linux-x64-gnu/-/database-linux-x64-gnu-0.7.2.tgz",
      "integrity": "sha512-rXxInfTxKRPG3XeOAZvzJuX4wF+m9t9BjLbFnKU83Ad8ob2z88r1x+EV7IBzEFhz2FbvrRgriH7PhIEZ7Lx5ug==",
      "cpu": [
        "x64"
      ],
      "libc": [
        "glibc"
      ],
      "license": "MIT",
      "optional": true,
      "os": [
        "linux"
      ]
    },
    "node_modules/@tursodatabase/database-win32-x64-msvc": {
      "version": "0.7.2",
      "resolved": "https://registry.npmjs.org/@tursodatabase/database-win32-x64-msvc/-/database-win32-x64-msvc-0.7.2.tgz",
      "integrity": "sha512-AUvN3KO1bZOpsXVofRIMM2+MJ6OghUhgK62t8/3Bsb0Zzt6PztaMvJrtaWI6u5Olx0WCfGdhaVKyegcjYPNAeA==",
      "cpu": [
        "x64"
      ],
      "license": "MIT",
      "optional": true,
      "os": [
        "win32"
      ]
    },
    "node_modules/@tursodatabase/serverless": {
      "version": "1.4.0",
      "resolved": "https://registry.npmjs.org/@tursodatabase/serverless/-/serverless-1.4.0.tgz",
      "integrity": "sha512-ZU3T76NG/E0NTKULqJ9TggJfbdPgRaChOS4HDOu3Srds7w7fSPie7jbPHzz+CLGrxs2TtMYtYB1lH5Bh6q1w7A==",
      "license": "MIT"
    }
  }
}
