{
  "name": "policysql-cloudflare-deployment",
  "lockfileVersion": 3,
  "requires": true,
  "packages": {
    "": {
      "name": "policysql-cloudflare-deployment",
      "dependencies": {
        "@tursodatabase/serverless": "1.4.0",
        "hono": "4.13.0",
        "jose": "6.2.8",
        "yaml": "2.9.0"
      },
      "devDependencies": {
        "@cloudflare/workers-types": "5.20260819.1",
        "typescript": "5.9.3"
      }
    },
    "node_modules/@cloudflare/workers-types": {
      "version": "5.20260819.1",
      "resolved": "https://registry.npmjs.org/@cloudflare/workers-types/-/workers-types-5.20260819.1.tgz",
      "integrity": "sha512-nUoWrl+16WfocHgXAARAvpQ7dLMF4tSmTvvgLLg5clYhP2j8CYerZ2KC8agnlWHqOAKp45B3F+LcsjNZrZyiRA==",
      "dev": true,
      "license": "MIT OR Apache-2.0"
    },
    "node_modules/@tursodatabase/serverless": {
      "version": "1.4.0",
      "resolved": "https://registry.npmjs.org/@tursodatabase/serverless/-/serverless-1.4.0.tgz",
      "integrity": "sha512-ZU3T76NG/E0NTKULqJ9TggJfbdPgRaChOS4HDOu3Srds7w7fSPie7jbPHzz+CLGrxs2TtMYtYB1lH5Bh6q1w7A==",
      "license": "MIT"
    },
    "node_modules/hono": {
      "version": "4.13.0",
      "resolved": "https://registry.npmjs.org/hono/-/hono-4.13.0.tgz",
      "integrity": "sha512-jhunvfHWxd7J5EFfSgH4xsYJzSe/lfqbUCxiyyeaQasUsXeEHXtzVid+7EOGByc5JnFa23SSFL3Y2RV/z1T+eQ==",
      "license": "MIT",
      "engines": {
        "node": ">=16.9.0"
      }
    },
    "node_modules/jose": {
      "version": "6.2.8",
      "resolved": "https://registry.npmjs.org/jose/-/jose-6.2.8.tgz",
      "integrity": "sha512-Bsdjwm3Qsd/P0jR+BHDe3LytDfY7WBq2HmCCLIwuVRHMuEC9ae7/R474GIUdF1NgCyZjzVo/A9DOiOBtXq8ZoQ==",
      "license": "MIT",
      "funding": {
        "url": "https://github.com/sponsors/panva"
      }
    },
    "node_modules/typescript": {
      "version": "5.9.3",
      "resolved": "https://registry.npmjs.org/typescript/-/typescript-5.9.3.tgz",
      "integrity": "sha512-jl1vZzPDinLr9eUt3J/t7V6FgNEw9QjvBPdysz9KfQDD41fQrC2Y4vKQdiaUpFT4bXlb1RHhLpp8wtm6M5TgSw==",
      "dev": true,
      "license": "Apache-2.0",
      "bin": {
        "tsc": "bin/tsc",
        "tsserver": "bin/tsserver"
      },
      "engines": {
        "node": ">=14.17"
      }
    },
    "node_modules/yaml": {
      "version": "2.9.0",
      "resolved": "https://registry.npmjs.org/yaml/-/yaml-2.9.0.tgz",
      "integrity": "sha512-2AvhNX3mb8zd6Zy7INTtSpl1F15HW6Wnqj0srWlkKLcpYl/gMIMJiyuGq2KeI2YFxUPjdlB+3Lc10seMLtL4cA==",
      "license": "ISC",
      "bin": {
        "yaml": "bin.mjs"
      },
      "engines": {
        "node": ">= 14.6"
      },
      "funding": {
        "url": "https://github.com/sponsors/eemeli"
      }
    }
  }
}
